
Microsoft Visual Studio Solution File, Format Version 12.00
# Visual Studio 15
VisualStudioVersion = 15.0.26124.0
MinimumVisualStudioVersion = 15.0.26124.0
Project("{FAE04EC0-301F-11D3-BF4B-00C04F79EFBC}") = "ray-tracer", "ray-tracer\ray-tracer.csproj", "{54BB9167-114D-46C1-AAFF-0BEA25DF670E}"
EndProject
Project("{FAE04EC0-301F-11D3-BF4B-00C04F79EFBC}") = "ray-tracer-tests", "ray-tracer-tests\ray-tracer-tests.csproj", "{458545B0-B89B-405E-A92B-A31396F85F92}"
EndProject
Project("{FAE04EC0-301F-11D3-BF4B-00C04F79EFBC}") = "ray-tracer-demos", "ray-tracer-demos\ray-tracer-demos.csproj", "{A3F96925-93A4-4702-9716-D091056BC141}"
EndProject
Project("{FAE04EC0-301F-11D3-BF4B-00C04F79EFBC}") = "ray-tracer-ui", "ray-tracer-ui\ray-tracer-ui.csproj", "{238FD593-4EAF-4CB0-99D1-09BFC8D386AF}"
EndProject
Global
	GlobalSection(SolutionConfigurationPlatforms) = preSolution
		Debug|Any CPU = Debug|Any CPU
		Debug|x64 = Debug|x64
		Debug|x86 = Debug|x86
		Release|Any CPU = Release|Any CPU
		Release|x64 = Release|x64
		Release|x86 = Release|x86
	EndGlobalSection
	GlobalSection(SolutionProperties) = preSolution
		HideSolutionNode = FALSE
	EndGlobalSection
	GlobalSection(ProjectConfigurationPlatforms) = postSolution
		{54BB9167-114D-46C1-AAFF-0BEA25DF670E}.Debug|Any CPU.ActiveCfg = Debug|Any CPU
		{54BB9167-114D-46C1-AAFF-0BEA25DF670E}.Debug|Any CPU.Build.0 = Debug|Any CPU
		{54BB9167-114D-46C1-AAFF-0BEA25DF670E}.Debug|x64.ActiveCfg = Debug|Any CPU
		{54BB9167-114D-46C1-AAFF-0BEA25DF670E}.Debug|x64.Build.0 = Debug|Any CPU
		{54BB9167-114D-46C1-AAFF-0BEA25DF670E}.Debug|x86.ActiveCfg = Debug|Any CPU
		{54BB9167-114D-46C1-AAFF-0BEA25DF670E}.Debug|x86.Build.0 = Debug|Any CPU
		{54BB9167-114D-46C1-AAFF-0BEA25DF670E}.Release|Any CPU.ActiveCfg = Release|Any CPU
		{54BB9167-114D-46C1-AAFF-0BEA25DF670E}.Release|Any CPU.Build.0 = Release|Any CPU
		{54BB9167-114D-46C1-AAFF-0BEA25DF670E}.Release|x64.ActiveCfg = Release|Any CPU
		{54BB9167-114D-46C1-AAFF-0BEA25DF670E}.Release|x64.Build.0 = Release|Any CPU
		{54BB9167-114D-46C1-AAFF-0BEA25DF670E}.Release|x86.ActiveCfg = Release|Any CPU
		{54BB9167-114D-46C1-AAFF-0BEA25DF670E}.Release|x86.Build.0 = Release|Any CPU
		{458545B0-B89B-405E-A92B-A31396F85F92}.Debug|Any CPU.ActiveCfg = Debug|Any CPU
		{458545B0-B89B-405E-A92B-A31396F85F92}.Debug|Any CPU.Build.0 = Debug|Any CPU
		{458545B0-B89B-405E-A92B-A31396F85F92}.Debug|x64.ActiveCfg = Debug|Any CPU
		{458545B0-B89B-405E-A92B-A31396F85F92}.Debug|x64.Build.0 = Debug|Any CPU
		{458545B0-B89B-405E-A92B-A31396F85F92}.Debug|x86.ActiveCfg = Debug|Any CPU
		{458545B0-B89B-405E-A92B-A31396F85F92}.Debug|x86.Build.0 = Debug|Any CPU
		{458545B0-B89B-405E-A92B-A31396F85F92}.Release|Any CPU.ActiveCfg = Release|Any CPU
		{458545B0-B89B-405E-A92B-A31396F85F92}.Release|Any CPU.Build.0 = Release|Any CPU
		{458545B0-B89B-405E-A92B-A31396F85F92}.Release|x64.ActiveCfg = Release|Any CPU
		{458545B0-B89B-405E-A92B-A31396F85F92}.Release|x64.Build.0 = Release|Any CPU
		{458545B0-B89B-405E-A92B-A31396F85F92}.Release|x86.ActiveCfg = Release|Any CPU
		{458545B0-B89B-405E-A92B-A31396F85F92}.Release|x86.Build.0 = Release|Any CPU
		{A3F96925-93A4-4702-9716-D091056BC141}.Debug|Any CPU.ActiveCfg = Debug|Any CPU
		{A3F96925-93A4-4702-9716-D091056BC141}.Debug|Any CPU.Build.0 = Debug|Any CPU
		{A3F96925-93A4-4702-9716-D091056BC141}.Debug|x64.ActiveCfg = Debug|Any CPU
		{A3F96925-93A4-4702-9716-D091056BC141}.Debug|x64.Build.0 = Debug|Any CPU
		{A3F96925-93A4-4702-9716-D091056BC141}.Debug|x86.ActiveCfg = Debug|Any CPU
		{A3F96925-93A4-4702-9716-D091056BC141}.Debug|x86.Build.0 = Debug|Any CPU
		{A3F96925-93A4-4702-9716-D091056BC141}.Release|Any CPU.ActiveCfg = Release|Any CPU
		{A3F96925-93A4-4702-9716-D091056BC141}.Release|Any CPU.Build.0 = Release|Any CPU
		{A3F96925-93A4-4702-9716-D091056BC141}.Release|x64.ActiveCfg = Release|Any CPU
		{A3F96925-93A4-4702-9716-D091056BC141}.Release|x64.Build.0 = Release|Any CPU
		{A3F96925-93A4-4702-9716-D091056BC141}.Release|x86.ActiveCfg = Release|Any CPU
		{A3F96925-93A4-4702-9716-D091056BC141}.Release|x86.Build.0 = Release|Any CPU
		{238FD593-4EAF-4CB0-99D1-09BFC8D386AF}.Debug|Any CPU.ActiveCfg = Debug|Any CPU
		{238FD593-4EAF-4CB0-99D1-09BFC8D386AF}.Debug|Any CPU.Build.0 = Debug|Any CPU
		{238FD593-4EAF-4CB0-99D1-09BFC8D386AF}.Debug|x64.ActiveCfg = Debug|Any CPU
		{238FD593-4EAF-4CB0-99D1-09BFC8D386AF}.Debug|x64.Build.0 = Debug|Any CPU
		{238FD593-4EAF-4CB0-99D1-09BFC8D386AF}.Debug|x86.ActiveCfg = Debug|Any CPU
		{238FD593-4EAF-4CB0-99D1-09BFC8D386AF}.Debug|x86.Build.0 = Debug|Any CPU
		{238FD593-4EAF-4CB0-99D1-09BFC8D386AF}.Release|Any CPU.ActiveCfg = Release|Any CPU
		{238FD593-4EAF-4CB0-99D1-09BFC8D386AF}.Release|Any CPU.Build.0 = Release|Any CPU
		{238FD593-4EAF-4CB0-99D1-09BFC8D386AF}.Release|x64.ActiveCfg = Release|Any CPU
		{238FD593-4EAF-4CB0-99D1-09BFC8D386AF}.Release|x64.Build.0 = Release|Any CPU
		{238FD593-4EAF-4CB0-99D1-09BFC8D386AF}.Release|x86.ActiveCfg = Release|Any CPU
		{238FD593-4EAF-4CB0-99D1-09BFC8D386AF}.Release|x86.Build.0 = Release|Any CPU
	EndGlobalSection
EndGlobal
